<?xml version="1.0" encoding="utf-8"?>
<Project ToolsVersion="4.0" xmlns="http://schemas.microsoft.com/developer/msbuild/2003">
  <ItemGroup>
    <Filter Include="源文件">
      <UniqueIdentifier>{4FC737F1-C7A5-4376-A066-2A32D752A2FF}</UniqueIdentifier>
      <Extensions>cpp;c;cc;cxx;def;odl;idl;hpj;bat;asm;asmx</Extensions>
    </Filter>
    <Filter Include="头文件">
      <UniqueIdentifier>{93995380-89BD-4b04-88EB-625FBE52EBFB}</UniqueIdentifier>
      <Extensions>h;hpp;hxx;hm;inl;inc;xsd</Extensions>
    </Filter>
  </ItemGroup>
  <ItemGroup>
    <None Include="MapSvrFileAct.def">
      <Filter>源文件</Filter>
    </None>
  </ItemGroup>
  <ItemGroup>
    <ClCompile Include="MapSvrFileAct.cpp">
      <Filter>源文件</Filter>
    </ClCompile>
    <ClCompile Include="stdafx.cpp">
      <Filter>源文件</Filter>
    </ClCompile>
    <ClCompile Include="SetSymlib.cpp">
      <Filter>源文件</Filter>
    </ClCompile>
    <ClCompile Include="DlgExportDxf.cpp">
      <Filter>源文件</Filter>
    </ClCompile>
    <ClCompile Include="DlgExportShp.cpp">
      <Filter>源文件</Filter>
    </ClCompile>
    <ClCompile Include="DlgImportContour.cpp">
      <Filter>源文件</Filter>
    </ClCompile>
    <ClCompile Include="DlgImportCtlPoint.cpp">
      <Filter>源文件</Filter>
    </ClCompile>
    <ClCompile Include="DlgImportVct.cpp">
      <Filter>源文件</Filter>
    </ClCompile>
    <ClCompile Include="DlgExportCvf.cpp">
      <Filter>源文件</Filter>
    </ClCompile>
    <ClCompile Include="DlgExportCass.cpp">
      <Filter>源文件</Filter>
    </ClCompile>
  </ItemGroup>
  <ItemGroup>
    <ClInclude Include="stdafx.h">
      <Filter>头文件</Filter>
    </ClInclude>
    <ClInclude Include="targetver.h">
      <Filter>头文件</Filter>
    </ClInclude>
    <ClInclude Include="..\include\MapSvrBase.h">
      <Filter>头文件</Filter>
    </ClInclude>
    <ClInclude Include="..\include\MapSvrDef.h">
      <Filter>头文件</Filter>
    </ClInclude>
    <ClInclude Include="..\include\MapSvrFileAct.h">
      <Filter>头文件</Filter>
    </ClInclude>
    <ClInclude Include="resource.h">
      <Filter>头文件</Filter>
    </ClInclude>
    <ClInclude Include="SetSymlib.h">
      <Filter>头文件</Filter>
    </ClInclude>
    <ClInclude Include="DlgExportDxf.h">
      <Filter>头文件</Filter>
    </ClInclude>
    <ClInclude Include="DlgExportShp.h">
      <Filter>头文件</Filter>
    </ClInclude>
    <ClInclude Include="DlgImportContour.h">
      <Filter>头文件</Filter>
    </ClInclude>
    <ClInclude Include="DlgImportCtlPoint.h">
      <Filter>头文件</Filter>
    </ClInclude>
    <ClInclude Include="DlgImportVct.h">
      <Filter>头文件</Filter>
    </ClInclude>
    <ClInclude Include="DlgExportCvf.h">
      <Filter>头文件</Filter>
    </ClInclude>
    <ClInclude Include="DlgExportCass.h">
      <Filter>头文件</Filter>
    </ClInclude>
  </ItemGroup>
  <ItemGroup>
    <ResourceCompile Include="MapSvrFileAct.rc" />
  </ItemGroup>
</Project>